[[package]]
category = "main"
description = "Abseil Python Common Libraries, see https://github.com/abseil/abseil-py."
name = "absl-py"
optional = false
python-versions = ">=3.7"
version = "2.0.0"

[[package]]
category = "main"
description = "An AST unparser for Python"
name = "astunparse"
optional = false
python-versions = "*"
version = "1.6.3"

[package.dependencies]
six = ">=1.6.1,<2.0"
wheel = ">=0.23.0,<1.0"

[[package]]
category = "main"
description = "Fast, simple object-to-object and broadcast signaling"
name = "blinker"
optional = false
python-versions = ">=3.8"
version = "1.7.0"

[[package]]
category = "main"
description = "Extensible memoizing collections and decorators"
name = "cachetools"
optional = false
python-versions = ">=3.7"
version = "5.3.2"

[[package]]
category = "main"
description = "Python package for providing Mozilla's CA Bundle."
name = "certifi"
optional = false
python-versions = ">=3.6"
version = "2023.11.17"

[[package]]
category = "main"
description = "The Real First Universal Charset Detector. Open, modern and actively maintained alternative to Chardet."
name = "charset-normalizer"
optional = false
python-versions = ">=3.7.0"
version = "3.3.2"

[[package]]
category = "main"
description = "Composable command line interface toolkit"
name = "click"
optional = false
python-versions = ">=3.7"
version = "8.1.7"

[package.dependencies]
colorama = "*"

[[package]]
category = "main"
description = "Cross-platform colored terminal text."
marker = "platform_system == \"Windows\""
name = "colorama"
optional = false
python-versions = "!=3.0.*,!=3.1.*,!=3.2.*,!=3.3.*,!=3.4.*,!=3.5.*,!=3.6.*,>=2.7"
version = "0.4.6"

[[package]]
category = "main"
description = "A simple framework for building complex web applications."
name = "flask"
optional = false
python-versions = ">=3.8"
version = "3.0.0"

[package.dependencies]
Jinja2 = ">=3.1.2"
Werkzeug = ">=3.0.0"
blinker = ">=1.6.2"
click = ">=8.1.3"
itsdangerous = ">=2.1.2"

[package.dependencies.importlib-metadata]
python = "<3.10"
version = ">=3.6.0"

[package.extras]
async = ["asgiref (>=3.2)"]
dotenv = ["python-dotenv"]

[[package]]
category = "main"
description = "The FlatBuffers serialization format for Python"
name = "flatbuffers"
optional = false
python-versions = "*"
version = "23.5.26"

[[package]]
category = "main"
description = "Python AST that abstracts the underlying Python version"
name = "gast"
optional = false
python-versions = ">=2.7, !=3.0.*, !=3.1.*, !=3.2.*, !=3.3.*"
version = "0.4.0"

[[package]]
category = "main"
description = "Google Authentication Library"
name = "google-auth"
optional = false
python-versions = ">=3.7"
version = "2.25.2"

[package.dependencies]
cachetools = ">=2.0.0,<6.0"
pyasn1-modules = ">=0.2.1"
rsa = ">=3.1.4,<5"

[package.extras]
aiohttp = ["aiohttp (>=3.6.2,<4.0.0.dev0)", "requests (>=2.20.0,<3.0.0.dev0)"]
enterprise_cert = ["cryptography (36.0.2)", "pyopenssl (22.0.0)"]
pyopenssl = ["pyopenssl (>=20.0.0)", "cryptography (>=38.0.3)"]
reauth = ["pyu2f (>=0.1.5)"]
requests = ["requests (>=2.20.0,<3.0.0.dev0)"]

[[package]]
category = "main"
description = "Google Authentication Library"
name = "google-auth-oauthlib"
optional = false
python-versions = ">=3.6"
version = "0.4.6"

[package.dependencies]
google-auth = ">=1.0.0"
requests-oauthlib = ">=0.7.0"

[package.extras]
tool = ["click (>=6.0.0)"]

[[package]]
category = "main"
description = "pasta is an AST-based Python refactoring library"
name = "google-pasta"
optional = false
python-versions = "*"
version = "0.2.0"

[package.dependencies]
six = "*"

[[package]]
category = "main"
description = "HTTP/2-based RPC framework"
name = "grpcio"
optional = false
python-versions = ">=3.7"
version = "1.60.0"

[package.extras]
protobuf = ["grpcio-tools (>=1.60.0)"]

[[package]]
category = "main"
description = "Read and write HDF5 files from Python"
name = "h5py"
optional = false
python-versions = ">=3.8"
version = "3.10.0"

[package.dependencies]
numpy = ">=1.17.3"

[[package]]
category = "main"
description = "Internationalized Domain Names in Applications (IDNA)"
name = "idna"
optional = false
python-versions = ">=3.5"
version = "3.6"

[[package]]
category = "main"
description = "Read metadata from Python packages"
marker = "python_version < \"3.10\""
name = "importlib-metadata"
optional = false
python-versions = ">=3.8"
version = "7.0.0"

[package.dependencies]
zipp = ">=0.5"

[package.extras]
docs = ["sphinx (>=3.5)", "sphinx (<7.2.5)", "jaraco.packaging (>=9.3)", "rst.linker (>=1.9)", "furo", "sphinx-lint", "jaraco.tidelift (>=1.4)"]
perf = ["ipython"]
testing = ["pytest (>=6)", "pytest-checkdocs (>=2.4)", "pytest-cov", "pytest-enabler (>=2.2)", "pytest-ruff", "packaging", "pyfakefs", "flufl.flake8", "pytest-perf (>=0.9.2)", "pytest-black (>=0.3.7)", "pytest-mypy (>=0.9.1)", "importlib-resources (>=1.3)"]

[[package]]
category = "main"
description = "Safely pass data to untrusted environments and back."
name = "itsdangerous"
optional = false
python-versions = ">=3.7"
version = "2.1.2"

[[package]]
category = "main"
description = "A very fast and expressive template engine."
name = "jinja2"
optional = false
python-versions = ">=3.7"
version = "3.1.2"

[package.dependencies]
MarkupSafe = ">=2.0"

[package.extras]
i18n = ["Babel (>=2.7)"]

[[package]]
category = "main"
description = "Deep learning for humans."
name = "keras"
optional = false
python-versions = "*"
version = "2.10.0"

[[package]]
category = "main"
description = "Easy data preprocessing and data augmentation for deep learning models"
name = "keras-preprocessing"
optional = false
python-versions = "*"
version = "1.1.2"

[package.dependencies]
numpy = ">=1.9.1"
six = ">=1.9.0"

[package.extras]
image = ["scipy (>=0.14)", "Pillow (>=5.2.0)"]
pep8 = ["flake8"]
tests = ["pandas", "pillow", "tensorflow", "keras", "pytest", "pytest-xdist", "pytest-cov"]

[[package]]
category = "main"
description = "Clang Python Bindings, mirrored from the official LLVM repo: https://github.com/llvm/llvm-project/tree/main/clang/bindings/python, to make the installation process easier."
name = "libclang"
optional = false
python-versions = "*"
version = "16.0.6"

[[package]]
category = "main"
description = "Python implementation of John Gruber's Markdown."
name = "markdown"
optional = false
python-versions = ">=3.8"
version = "3.5.1"

[package.dependencies]
[package.dependencies.importlib-metadata]
python = "<3.10"
version = ">=4.4"

[package.extras]
docs = ["mkdocs (>=1.5)", "mkdocs-nature (>=0.6)", "mdx-gh-links (>=0.2)", "mkdocstrings", "mkdocs-gen-files", "mkdocs-section-index", "mkdocs-literate-nav"]
testing = ["coverage", "pyyaml"]

[[package]]
category = "main"
description = "Safely add untrusted strings to HTML/XML markup."
name = "markupsafe"
optional = false
python-versions = ">=3.7"
version = "2.1.3"

[[package]]
category = "main"
description = "Fundamental package for array computing in Python"
name = "numpy"
optional = false
python-versions = ">=3.9"
version = "1.26.2"

[[package]]
category = "main"
description = "A generic, spec-compliant, thorough implementation of the OAuth request-signing logic"
name = "oauthlib"
optional = false
python-versions = ">=3.6"
version = "3.2.2"

[package.extras]
rsa = ["cryptography (>=3.0.0)"]
signals = ["blinker (>=1.4.0)"]
signedtoken = ["cryptography (>=3.0.0)", "pyjwt (>=2.0.0,<3)"]

[[package]]
category = "main"
description = "Optimizing numpys einsum function"
name = "opt-einsum"
optional = false
python-versions = ">=3.5"
version = "3.3.0"

[package.dependencies]
numpy = ">=1.7"

[package.extras]
docs = ["sphinx (1.2.3)", "sphinxcontrib-napoleon", "sphinx-rtd-theme", "numpydoc"]
tests = ["pytest", "pytest-cov", "pytest-pep8"]

[[package]]
category = "main"
description = "Core utilities for Python packages"
name = "packaging"
optional = false
python-versions = ">=3.7"
version = "23.2"

[[package]]
category = "main"
description = "Python Imaging Library (Fork)"
name = "pillow"
optional = false
python-versions = ">=3.8"
version = "10.1.0"

[package.extras]
docs = ["furo", "olefile", "sphinx (>=2.4)", "sphinx-copybutton", "sphinx-inline-tabs", "sphinx-removed-in", "sphinxext-opengraph"]
tests = ["check-manifest", "coverage", "defusedxml", "markdown2", "olefile", "packaging", "pyroma", "pytest", "pytest-cov", "pytest-timeout"]

[[package]]
category = "main"
description = "Protocol Buffers"
name = "protobuf"
optional = false
python-versions = ">=3.5"
version = "3.19.6"

[[package]]
category = "main"
description = "Pure-Python implementation of ASN.1 types and DER/BER/CER codecs (X.208)"
name = "pyasn1"
optional = false
python-versions = "!=3.0.*,!=3.1.*,!=3.2.*,!=3.3.*,!=3.4.*,!=3.5.*,>=2.7"
version = "0.5.1"

[[package]]
category = "main"
description = "A collection of ASN.1-based protocols modules"
name = "pyasn1-modules"
optional = false
python-versions = "!=3.0.*,!=3.1.*,!=3.2.*,!=3.3.*,!=3.4.*,!=3.5.*,>=2.7"
version = "0.3.0"

[package.dependencies]
pyasn1 = ">=0.4.6,<0.6.0"

[[package]]
category = "main"
description = "Python HTTP for Humans."
name = "requests"
optional = false
python-versions = ">=3.7"
version = "2.31.0"

[package.dependencies]
certifi = ">=2017.4.17"
charset-normalizer = ">=2,<4"
idna = ">=2.5,<4"
urllib3 = ">=1.21.1,<3"

[package.extras]
socks = ["PySocks (>=1.5.6,<1.5.7 || >1.5.7)"]
use_chardet_on_py3 = ["chardet (>=3.0.2,<6)"]

[[package]]
category = "main"
description = "OAuthlib authentication support for Requests."
name = "requests-oauthlib"
optional = false
python-versions = ">=2.7, !=3.0.*, !=3.1.*, !=3.2.*, !=3.3.*"
version = "1.3.1"

[package.dependencies]
oauthlib = ">=3.0.0"
requests = ">=2.0.0"

[package.extras]
rsa = ["oauthlib (>=3.0.0)"]

[[package]]
category = "main"
description = "Pure-Python RSA implementation"
name = "rsa"
optional = false
python-versions = ">=3.6,<4"
version = "4.9"

[package.dependencies]
pyasn1 = ">=0.1.3"

[[package]]
category = "main"
description = "Python 2 and 3 compatibility utilities"
name = "six"
optional = false
python-versions = ">=2.7, !=3.0.*, !=3.1.*, !=3.2.*"
version = "1.16.0"

[[package]]
category = "main"
description = "TensorBoard lets you watch Tensors Flow"
name = "tensorboard"
optional = false
python-versions = ">=3.6"
version = "2.10.1"

[package.dependencies]
absl-py = ">=0.4"
google-auth = ">=1.6.3,<3"
google-auth-oauthlib = ">=0.4.1,<0.5"
grpcio = ">=1.24.3"
markdown = ">=2.6.8"
numpy = ">=1.12.0"
protobuf = ">=3.9.2,<3.20"
requests = ">=2.21.0,<3"
setuptools = ">=41.0.0"
tensorboard-data-server = ">=0.6.0,<0.7.0"
tensorboard-plugin-wit = ">=1.6.0"
werkzeug = ">=1.0.1"
wheel = ">=0.26"

[[package]]
category = "main"
description = "Fast data loading for TensorBoard"
name = "tensorboard-data-server"
optional = false
python-versions = ">=3.6"
version = "0.6.1"

[[package]]
category = "main"
description = "What-If Tool TensorBoard plugin."
name = "tensorboard-plugin-wit"
optional = false
python-versions = "*"
version = "1.8.1"

[[package]]
category = "main"
description = "TensorFlow is an open source machine learning framework for everyone."
name = "tensorflow"
optional = false
python-versions = ">=3.7"
version = "2.10.0"

[package.dependencies]
absl-py = ">=1.0.0"
astunparse = ">=1.6.0"
flatbuffers = ">=2.0"
gast = ">=0.2.1,<=0.4.0"
google-pasta = ">=0.1.1"
grpcio = ">=1.24.3,<2.0"
h5py = ">=2.9.0"
keras = ">=2.10.0,<2.11"
keras-preprocessing = ">=1.1.1"
libclang = ">=13.0.0"
numpy = ">=1.20"
opt-einsum = ">=2.3.2"
packaging = "*"
protobuf = ">=3.9.2,<3.20"
setuptools = "*"
six = ">=1.12.0"
tensorboard = ">=2.10,<2.11"
tensorflow-estimator = ">=2.10.0,<2.11"
tensorflow-io-gcs-filesystem = ">=0.23.1"
termcolor = ">=1.1.0"
typing-extensions = ">=3.6.6"
wrapt = ">=1.11.0"

[[package]]
category = "main"
description = "TensorFlow Estimator."
name = "tensorflow-estimator"
optional = false
python-versions = ">=3.7"
version = "2.10.0"

[[package]]
category = "main"
description = "TensorFlow IO"
name = "tensorflow-io-gcs-filesystem"
optional = false
python-versions = ">=3.7, <3.12"
version = "0.34.0"

[package.extras]
tensorflow = ["tensorflow (>=2.13.0,<2.14.0)"]
tensorflow-aarch64 = ["tensorflow-aarch64 (>=2.13.0,<2.14.0)"]
tensorflow-cpu = ["tensorflow-cpu (>=2.13.0,<2.14.0)"]
tensorflow-gpu = ["tensorflow-gpu (>=2.13.0,<2.14.0)"]
tensorflow-rocm = ["tensorflow-rocm (>=2.13.0,<2.14.0)"]

[[package]]
category = "main"
description = "ANSI color formatting for output in terminal"
name = "termcolor"
optional = false
python-versions = ">=3.8"
version = "2.4.0"

[package.extras]
tests = ["pytest", "pytest-cov"]

[[package]]
category = "main"
description = "Backported and Experimental Type Hints for Python 3.8+"
name = "typing-extensions"
optional = false
python-versions = ">=3.8"
version = "4.9.0"

[[package]]
category = "main"
description = "HTTP library with thread-safe connection pooling, file post, and more."
name = "urllib3"
optional = false
python-versions = ">=3.8"
version = "2.1.0"

[package.extras]
brotli = ["brotli (>=1.0.9)", "brotlicffi (>=0.8.0)"]
socks = ["pysocks (>=1.5.6,<1.5.7 || >1.5.7,<2.0)"]
zstd = ["zstandard (>=0.18.0)"]

[[package]]
category = "main"
description = "The comprehensive WSGI web application library."
name = "werkzeug"
optional = false
python-versions = ">=3.8"
version = "3.0.1"

[package.dependencies]
MarkupSafe = ">=2.1.1"

[package.extras]
watchdog = ["watchdog (>=2.3)"]

[[package]]
category = "main"
description = "A built-package format for Python"
name = "wheel"
optional = false
python-versions = ">=3.7"
version = "0.42.0"

[package.extras]
test = ["pytest (>=6.0.0)", "setuptools (>=65)"]

[[package]]
category = "main"
description = "Module for decorators, wrappers and monkey patching."
name = "wrapt"
optional = false
python-versions = ">=3.6"
version = "1.16.0"

[[package]]
category = "main"
description = "Backport of pathlib-compatible object wrapper for zip files"
marker = "python_version < \"3.10\""
name = "zipp"
optional = false
python-versions = ">=3.8"
version = "3.17.0"

[package.extras]
docs = ["sphinx (>=3.5)", "sphinx (<7.2.5)", "jaraco.packaging (>=9.3)", "rst.linker (>=1.9)", "furo", "sphinx-lint", "jaraco.tidelift (>=1.4)"]
testing = ["pytest (>=6)", "pytest-checkdocs (>=2.4)", "pytest-cov", "pytest-enabler (>=2.2)", "pytest-ruff", "jaraco.itertools", "jaraco.functools", "more-itertools", "big-o", "pytest-ignore-flaky", "pytest-black (>=0.3.7)", "pytest-mypy (>=0.9.1)"]

[metadata]
content-hash = "72eaca00100368a907f09b014de8475501181bedfca366a06abed66625d4e102"
lock-version = "1.0"
python-versions = "~3.9"

[metadata.files]
absl-py = []
astunparse = []
blinker = []
cachetools = []
certifi = []
charset-normalizer = []
click = []
colorama = []
flask = []
flatbuffers = []
gast = []
google-auth = []
google-auth-oauthlib = []
google-pasta = []
grpcio = []
h5py = []
idna = []
importlib-metadata = []
itsdangerous = []
jinja2 = []
keras = []
keras-preprocessing = []
libclang = []
markdown = []
markupsafe = []
numpy = []
oauthlib = []
opt-einsum = []
packaging = []
pillow = []
protobuf = []
pyasn1 = []
pyasn1-modules = []
requests = []
requests-oauthlib = []
rsa = []
six = []
tensorboard = []
tensorboard-data-server = []
tensorboard-plugin-wit = []
tensorflow = []
tensorflow-estimator = []
tensorflow-io-gcs-filesystem = []
termcolor = []
typing-extensions = []
urllib3 = []
werkzeug = []
wheel = []
wrapt = []
zipp = []
